
Microsoft Visual Studio Solution File, Format Version 12.00
# Visual Studio Version 17
VisualStudioVersion = 17.8.34316.72
MinimumVisualStudioVersion = 10.0.40219.1
Project("{FAE04EC0-301F-11D3-BF4B-00C04F79EFBC}") = "C#examPrep", "C#examPrep\C#examPrep.csproj", "{BD33B2A9-4610-4C33-A822-D8558A0FE0A4}"
EndProject
Global
	GlobalSection(SolutionConfigurationPlatforms) = preSolution
		Debug|Any CPU = Debug|Any CPU
		Release|Any CPU = Release|Any CPU
	EndGlobalSection
	GlobalSection(ProjectConfigurationPlatforms) = postSolution
		{BD33B2A9-4610-4C33-A822-D8558A0FE0A4}.Debug|Any CPU.ActiveCfg = Debug|Any CPU
		{BD33B2A9-4610-4C33-A822-D8558A0FE0A4}.Debug|Any CPU.Build.0 = Debug|Any CPU
		{BD33B2A9-4610-4C33-A822-D8558A0FE0A4}.Release|Any CPU.ActiveCfg = Release|Any CPU
		{BD33B2A9-4610-4C33-A822-D8558A0FE0A4}.Release|Any CPU.Build.0 = Release|Any CPU
	EndGlobalSection
	GlobalSection(SolutionProperties) = preSolution
		HideSolutionNode = FALSE
	EndGlobalSection
	GlobalSection(ExtensibilityGlobals) = postSolution
		SolutionGuid = {F345A4AA-35D6-4A34-A633-C071D2FCE0EF}
	EndGlobalSection
EndGlobal
